
Microsoft Visual Studio Solution File, Format Version 12.00
# Visual Studio Version 16
VisualStudioVersion = 16.0.29102.190
MinimumVisualStudioVersion = 10.0.40219.1
Project("{2150E333-8FDC-42A3-9474-1A3956D46DE8}") = "app", "app", "{A613640F-EDB2-488A-BA9A-80FE876C678A}"
EndProject
Project("{2150E333-8FDC-42A3-9474-1A3956D46DE8}") = "test", "test", "{80DEACA3-CB21-4C29-817F-A2347F33148A}"
EndProject
Project("{9A19103F-16F7-4668-BE54-9A1E7A4F7556}") = "Hotel.Application", "src\app\Hotel.Application\Hotel.Application.csproj", "{3BC856F9-A895-4C94-BFAA-C6D7AD34B802}"
EndProject
Project("{9A19103F-16F7-4668-BE54-9A1E7A4F7556}") = "Hotel.Business", "src\app\Hotel.Business\Hotel.Business.csproj", "{8650C618-0176-464E-8C52-918CFA0C2AEE}"
EndProject
Project("{9A19103F-16F7-4668-BE54-9A1E7A4F7556}") = "Hotel.Domain", "src\app\Hotel.Domain\Hotel.Domain.csproj", "{12395F24-82DA-4A8E-9BCD-2B0E352F30D2}"
EndProject
Project("{9A19103F-16F7-4668-BE54-9A1E7A4F7556}") = "Hotel.Repository", "src\app\Hotel.Repository\Hotel.Repository.csproj", "{A19E9C95-2AB7-4A06-AFCB-9BF41454842B}"
EndProject
Project("{9A19103F-16F7-4668-BE54-9A1E7A4F7556}") = "Hotel.Services", "src\app\Hotel.Services\Hotel.Services.csproj", "{9C708DBA-7937-4A99-91A7-A83E525D592A}"
EndProject
Project("{9A19103F-16F7-4668-BE54-9A1E7A4F7556}") = "Hotel.DomainTests", "src\test\Hotel.DomainTests\Hotel.DomainTests.csproj", "{2988E556-DD80-492B-8F70-0473AA81BD85}"
EndProject
Project("{9A19103F-16F7-4668-BE54-9A1E7A4F7556}") = "Hotel.RepositoryTests", "src\test\Hotel.RepositoryTests\Hotel.RepositoryTests.csproj", "{10571C59-0C9F-4FC2-A707-34C57AA8A52A}"
EndProject
Global
	GlobalSection(SolutionConfigurationPlatforms) = preSolution
		Debug|Any CPU = Debug|Any CPU
		Release|Any CPU = Release|Any CPU
	EndGlobalSection
	GlobalSection(ProjectConfigurationPlatforms) = postSolution
		{3BC856F9-A895-4C94-BFAA-C6D7AD34B802}.Debug|Any CPU.ActiveCfg = Debug|Any CPU
		{3BC856F9-A895-4C94-BFAA-C6D7AD34B802}.Debug|Any CPU.Build.0 = Debug|Any CPU
		{3BC856F9-A895-4C94-BFAA-C6D7AD34B802}.Release|Any CPU.ActiveCfg = Release|Any CPU
		{3BC856F9-A895-4C94-BFAA-C6D7AD34B802}.Release|Any CPU.Build.0 = Release|Any CPU
		{8650C618-0176-464E-8C52-918CFA0C2AEE}.Debug|Any CPU.ActiveCfg = Debug|Any CPU
		{8650C618-0176-464E-8C52-918CFA0C2AEE}.Debug|Any CPU.Build.0 = Debug|Any CPU
		{8650C618-0176-464E-8C52-918CFA0C2AEE}.Release|Any CPU.ActiveCfg = Release|Any CPU
		{8650C618-0176-464E-8C52-918CFA0C2AEE}.Release|Any CPU.Build.0 = Release|Any CPU
		{12395F24-82DA-4A8E-9BCD-2B0E352F30D2}.Debug|Any CPU.ActiveCfg = Debug|Any CPU
		{12395F24-82DA-4A8E-9BCD-2B0E352F30D2}.Debug|Any CPU.Build.0 = Debug|Any CPU
		{12395F24-82DA-4A8E-9BCD-2B0E352F30D2}.Release|Any CPU.ActiveCfg = Release|Any CPU
		{12395F24-82DA-4A8E-9BCD-2B0E352F30D2}.Release|Any CPU.Build.0 = Release|Any CPU
		{A19E9C95-2AB7-4A06-AFCB-9BF41454842B}.Debug|Any CPU.ActiveCfg = Debug|Any CPU
		{A19E9C95-2AB7-4A06-AFCB-9BF41454842B}.Debug|Any CPU.Build.0 = Debug|Any CPU
		{A19E9C95-2AB7-4A06-AFCB-9BF41454842B}.Release|Any CPU.ActiveCfg = Release|Any CPU
		{A19E9C95-2AB7-4A06-AFCB-9BF41454842B}.Release|Any CPU.Build.0 = Release|Any CPU
		{9C708DBA-7937-4A99-91A7-A83E525D592A}.Debug|Any CPU.ActiveCfg = Debug|Any CPU
		{9C708DBA-7937-4A99-91A7-A83E525D592A}.Debug|Any CPU.Build.0 = Debug|Any CPU
		{9C708DBA-7937-4A99-91A7-A83E525D592A}.Release|Any CPU.ActiveCfg = Release|Any CPU
		{9C708DBA-7937-4A99-91A7-A83E525D592A}.Release|Any CPU.Build.0 = Release|Any CPU
		{2988E556-DD80-492B-8F70-0473AA81BD85}.Debug|Any CPU.ActiveCfg = Debug|Any CPU
		{2988E556-DD80-492B-8F70-0473AA81BD85}.Debug|Any CPU.Build.0 = Debug|Any CPU
		{2988E556-DD80-492B-8F70-0473AA81BD85}.Release|Any CPU.ActiveCfg = Release|Any CPU
		{2988E556-DD80-492B-8F70-0473AA81BD85}.Release|Any CPU.Build.0 = Release|Any CPU
		{10571C59-0C9F-4FC2-A707-34C57AA8A52A}.Debug|Any CPU.ActiveCfg = Debug|Any CPU
		{10571C59-0C9F-4FC2-A707-34C57AA8A52A}.Debug|Any CPU.Build.0 = Debug|Any CPU
		{10571C59-0C9F-4FC2-A707-34C57AA8A52A}.Release|Any CPU.ActiveCfg = Release|Any CPU
		{10571C59-0C9F-4FC2-A707-34C57AA8A52A}.Release|Any CPU.Build.0 = Release|Any CPU
	EndGlobalSection
	GlobalSection(SolutionProperties) = preSolution
		HideSolutionNode = FALSE
	EndGlobalSection
	GlobalSection(NestedProjects) = preSolution
		{3BC856F9-A895-4C94-BFAA-C6D7AD34B802} = {A613640F-EDB2-488A-BA9A-80FE876C678A}
		{8650C618-0176-464E-8C52-918CFA0C2AEE} = {A613640F-EDB2-488A-BA9A-80FE876C678A}
		{12395F24-82DA-4A8E-9BCD-2B0E352F30D2} = {A613640F-EDB2-488A-BA9A-80FE876C678A}
		{A19E9C95-2AB7-4A06-AFCB-9BF41454842B} = {A613640F-EDB2-488A-BA9A-80FE876C678A}
		{9C708DBA-7937-4A99-91A7-A83E525D592A} = {A613640F-EDB2-488A-BA9A-80FE876C678A}
		{2988E556-DD80-492B-8F70-0473AA81BD85} = {80DEACA3-CB21-4C29-817F-A2347F33148A}
		{10571C59-0C9F-4FC2-A707-34C57AA8A52A} = {80DEACA3-CB21-4C29-817F-A2347F33148A}
	EndGlobalSection
	GlobalSection(ExtensibilityGlobals) = postSolution
		SolutionGuid = {2A5D73E9-25E1-4CB4-BAC1-0245B9BC8FDC}
	EndGlobalSection
EndGlobal
